// !$*UTF8*$!
{
	archiveVersion = 1;
	classes = {
	};
	objectVersion = 56;
	objects = {

/* Begin PBXBuildFile section */
		2333E388294BA03A00B75BA8 /* MySportsRecordIOSApp.swift in Sources */ = {isa = PBXBuildFile; fileRef = 2333E387294BA03A00B75BA8 /* MySportsRecordIOSApp.swift */; };
		2333E38A294BA03A00B75BA8 /* MainView.swift in Sources */ = {isa = PBXBuildFile; fileRef = 2333E389294BA03A00B75BA8 /* MainView.swift */; };
		2333E38C294BA04200B75BA8 /* Assets.xcassets in Resources */ = {isa = PBXBuildFile; fileRef = 2333E38B294BA04200B75BA8 /* Assets.xcassets */; };
		2333E38F294BA04200B75BA8 /* Preview Assets.xcassets in Resources */ = {isa = PBXBuildFile; fileRef = 2333E38E294BA04200B75BA8 /* Preview Assets.xcassets */; };
		2333E399294BA04300B75BA8 /* MySportsRecordIOSTests.swift in Sources */ = {isa = PBXBuildFile; fileRef = 2333E398294BA04300B75BA8 /* MySportsRecordIOSTests.swift */; };
		2333E3A3294BA04300B75BA8 /* MySportsRecordIOSUITests.swift in Sources */ = {isa = PBXBuildFile; fileRef = 2333E3A2294BA04300B75BA8 /* MySportsRecordIOSUITests.swift */; };
		2333E3A5294BA04300B75BA8 /* MySportsRecordIOSUITestsLaunchTests.swift in Sources */ = {isa = PBXBuildFile; fileRef = 2333E3A4294BA04300B75BA8 /* MySportsRecordIOSUITestsLaunchTests.swift */; };
		238500432969749500AD3F8A /* User.swift in Sources */ = {isa = PBXBuildFile; fileRef = 238500422969749500AD3F8A /* User.swift */; };
		2385004529698AA500AD3F8A /* TokenDTO.swift in Sources */ = {isa = PBXBuildFile; fileRef = 2385004429698AA400AD3F8A /* TokenDTO.swift */; };
		238500472969AB1400AD3F8A /* UserViewModel.swift in Sources */ = {isa = PBXBuildFile; fileRef = 238500462969AB1300AD3F8A /* UserViewModel.swift */; };
		23BE8E832950F3A50040CBD9 /* Network.swift in Sources */ = {isa = PBXBuildFile; fileRef = 23BE8E822950F3A50040CBD9 /* Network.swift */; };
		23BE8E852950F47A0040CBD9 /* RanklistsViewModel.swift in Sources */ = {isa = PBXBuildFile; fileRef = 23BE8E842950F47A0040CBD9 /* RanklistsViewModel.swift */; };
		23BE8E872950F4A10040CBD9 /* Users.swift in Sources */ = {isa = PBXBuildFile; fileRef = 23BE8E862950F4A10040CBD9 /* Users.swift */; };
		23BE8E892950F6670040CBD9 /* Parser.swift in Sources */ = {isa = PBXBuildFile; fileRef = 23BE8E882950F6670040CBD9 /* Parser.swift */; };
		23BE8E8B2950FB350040CBD9 /* UserItemView.swift in Sources */ = {isa = PBXBuildFile; fileRef = 23BE8E8A2950FB350040CBD9 /* UserItemView.swift */; };
		23D7E5AB2950A213005B84AF /* UserView.swift in Sources */ = {isa = PBXBuildFile; fileRef = 23D7E5AA2950A213005B84AF /* UserView.swift */; };
		23D7E5AD2950A222005B84AF /* RanklistView.swift in Sources */ = {isa = PBXBuildFile; fileRef = 23D7E5AC2950A222005B84AF /* RanklistView.swift */; };
		23D7E5AF2950A234005B84AF /* NewsfeedView.swift in Sources */ = {isa = PBXBuildFile; fileRef = 23D7E5AE2950A234005B84AF /* NewsfeedView.swift */; };
		23D7E5B12950A5FB005B84AF /* SideBarStack.swift in Sources */ = {isa = PBXBuildFile; fileRef = 23D7E5B02950A5FA005B84AF /* SideBarStack.swift */; };
		23D7E5B32950A890005B84AF /* SidebarView.swift in Sources */ = {isa = PBXBuildFile; fileRef = 23D7E5B22950A890005B84AF /* SidebarView.swift */; };
		23D7E5B72950A901005B84AF /* NavigationTabView.swift in Sources */ = {isa = PBXBuildFile; fileRef = 23D7E5B62950A901005B84AF /* NavigationTabView.swift */; };
		23D7E5B92950AD11005B84AF /* SidebarButtonView.swift in Sources */ = {isa = PBXBuildFile; fileRef = 23D7E5B82950AD11005B84AF /* SidebarButtonView.swift */; };
		23D7E5BB2950B8BC005B84AF /* LoginView.swift in Sources */ = {isa = PBXBuildFile; fileRef = 23D7E5BA2950B8BB005B84AF /* LoginView.swift */; };
		23D7E5BD2950B92A005B84AF /* SignUpView.swift in Sources */ = {isa = PBXBuildFile; fileRef = 23D7E5BC2950B92A005B84AF /* SignUpView.swift */; };
		23D7E5BF2950B952005B84AF /* SettingsView.swift in Sources */ = {isa = PBXBuildFile; fileRef = 23D7E5BE2950B952005B84AF /* SettingsView.swift */; };
		23D7E5C12950BCF5005B84AF /* HomeView.swift in Sources */ = {isa = PBXBuildFile; fileRef = 23D7E5C02950BCF5005B84AF /* HomeView.swift */; };
		23D7E5C32950BE74005B84AF /* SidebarNavigationManager.swift in Sources */ = {isa = PBXBuildFile; fileRef = 23D7E5C22950BE74005B84AF /* SidebarNavigationManager.swift */; };
		23F9E9902966F515005DB3BE /* AuthenticationViewModel.swift in Sources */ = {isa = PBXBuildFile; fileRef = 23F9E98F2966F515005DB3BE /* AuthenticationViewModel.swift */; };
		23F9E99329675E0B005DB3BE /* SignUpDTO.swift in Sources */ = {isa = PBXBuildFile; fileRef = 23F9E99229675E0B005DB3BE /* SignUpDTO.swift */; };
		23F9E99529675E3F005DB3BE /* RanklistDTO.swift in Sources */ = {isa = PBXBuildFile; fileRef = 23F9E99429675E3F005DB3BE /* RanklistDTO.swift */; };
/* End PBXBuildFile section */

/* Begin PBXContainerItemProxy section */
		2333E395294BA04300B75BA8 /* PBXContainerItemProxy */ = {
			isa = PBXContainerItemProxy;
			containerPortal = 2333E37C294BA03900B75BA8 /* Project object */;
			proxyType = 1;
			remoteGlobalIDString = 2333E383294BA03A00B75BA8;
			remoteInfo = MySportsRecordIOS;
		};
		2333E39F294BA04300B75BA8 /* PBXContainerItemProxy */ = {
			isa = PBXContainerItemProxy;
			containerPortal = 2333E37C294BA03900B75BA8 /* Project object */;
			proxyType = 1;
			remoteGlobalIDString = 2333E383294BA03A00B75BA8;
			remoteInfo = MySportsRecordIOS;
		};
/* End PBXContainerItemProxy section */

/* Begin PBXFileReference section */
		2333E384294BA03A00B75BA8 /* MySportsRecordIOS.app */ = {isa = PBXFileReference; explicitFileType = wrapper.application; includeInIndex = 0; path = MySportsRecordIOS.app; sourceTree = BUILT_PRODUCTS_DIR; };
		2333E387294BA03A00B75BA8 /* MySportsRecordIOSApp.swift */ = {isa = PBXFileReference; lastKnownFileType = sourcecode.swift; path = MySportsRecordIOSApp.swift; sourceTree = "<group>"; };
		2333E389294BA03A00B75BA8 /* MainView.swift */ = {isa = PBXFileReference; lastKnownFileType = sourcecode.swift; path = MainView.swift; sourceTree = "<group>"; };
		2333E38B294BA04200B75BA8 /* Assets.xcassets */ = {isa = PBXFileReference; lastKnownFileType = folder.assetcatalog; path = Assets.xcassets; sourceTree = "<group>"; };
		2333E38E294BA04200B75BA8 /* Preview Assets.xcassets */ = {isa = PBXFileReference; lastKnownFileType = folder.assetcatalog; path = "Preview Assets.xcassets"; sourceTree = "<group>"; };
		2333E394294BA04300B75BA8 /* MySportsRecordIOSTests.xctest */ = {isa = PBXFileReference; explicitFileType = wrapper.cfbundle; includeInIndex = 0; path = MySportsRecordIOSTests.xctest; sourceTree = BUILT_PRODUCTS_DIR; };
		2333E398294BA04300B75BA8 /* MySportsRecordIOSTests.swift */ = {isa = PBXFileReference; lastKnownFileType = sourcecode.swift; path = MySportsRecordIOSTests.swift; sourceTree = "<group>"; };
		2333E39E294BA04300B75BA8 /* MySportsRecordIOSUITests.xctest */ = {isa = PBXFileReference; explicitFileType = wrapper.cfbundle; includeInIndex = 0; path = MySportsRecordIOSUITests.xctest; sourceTree = BUILT_PRODUCTS_DIR; };
		2333E3A2294BA04300B75BA8 /* MySportsRecordIOSUITests.swift */ = {isa = PBXFileReference; lastKnownFileType = sourcecode.swift; path = MySportsRecordIOSUITests.swift; sourceTree = "<group>"; };
		2333E3A4294BA04300B75BA8 /* MySportsRecordIOSUITestsLaunchTests.swift */ = {isa = PBXFileReference; lastKnownFileType = sourcecode.swift; path = MySportsRecordIOSUITestsLaunchTests.swift; sourceTree = "<group>"; };
		238500422969749500AD3F8A /* User.swift */ = {isa = PBXFileReference; lastKnownFileType = sourcecode.swift; path = User.swift; sourceTree = "<group>"; };
		2385004429698AA400AD3F8A /* TokenDTO.swift */ = {isa = PBXFileReference; lastKnownFileType = sourcecode.swift; path = TokenDTO.swift; sourceTree = "<group>"; };
		238500462969AB1300AD3F8A /* UserViewModel.swift */ = {isa = PBXFileReference; lastKnownFileType = sourcecode.swift; path = UserViewModel.swift; sourceTree = "<group>"; };
		23BE8E822950F3A50040CBD9 /* Network.swift */ = {isa = PBXFileReference; lastKnownFileType = sourcecode.swift; path = Network.swift; sourceTree = "<group>"; };
		23BE8E842950F47A0040CBD9 /* RanklistsViewModel.swift */ = {isa = PBXFileReference; lastKnownFileType = sourcecode.swift; path = RanklistsViewModel.swift; sourceTree = "<group>"; };
		23BE8E862950F4A10040CBD9 /* Users.swift */ = {isa = PBXFileReference; lastKnownFileType = sourcecode.swift; path = Users.swift; sourceTree = "<group>"; };
		23BE8E882950F6670040CBD9 /* Parser.swift */ = {isa = PBXFileReference; lastKnownFileType = sourcecode.swift; path = Parser.swift; sourceTree = "<group>"; };
		23BE8E8A2950FB350040CBD9 /* UserItemView.swift */ = {isa = PBXFileReference; lastKnownFileType = sourcecode.swift; path = UserItemView.swift; sourceTree = "<group>"; };
		23D7E5AA2950A213005B84AF /* UserView.swift */ = {isa = PBXFileReference; lastKnownFileType = sourcecode.swift; path = UserView.swift; sourceTree = "<group>"; };
		23D7E5AC2950A222005B84AF /* RanklistView.swift */ = {isa = PBXFileReference; lastKnownFileType = sourcecode.swift; path = RanklistView.swift; sourceTree = "<group>"; };
		23D7E5AE2950A234005B84AF /* NewsfeedView.swift */ = {isa = PBXFileReference; lastKnownFileType = sourcecode.swift; path = NewsfeedView.swift; sourceTree = "<group>"; };
		23D7E5B02950A5FA005B84AF /* SideBarStack.swift */ = {isa = PBXFileReference; lastKnownFileType = sourcecode.swift; path = SideBarStack.swift; sourceTree = "<group>"; };
		23D7E5B22950A890005B84AF /* SidebarView.swift */ = {isa = PBXFileReference; lastKnownFileType = sourcecode.swift; path = SidebarView.swift; sourceTree = "<group>"; };
		23D7E5B62950A901005B84AF /* NavigationTabView.swift */ = {isa = PBXFileReference; lastKnownFileType = sourcecode.swift; path = NavigationTabView.swift; sourceTree = "<group>"; };
		23D7E5B82950AD11005B84AF /* SidebarButtonView.swift */ = {isa = PBXFileReference; lastKnownFileType = sourcecode.swift; path = SidebarButtonView.swift; sourceTree = "<group>"; };
		23D7E5BA2950B8BB005B84AF /* LoginView.swift */ = {isa = PBXFileReference; lastKnownFileType = sourcecode.swift; path = LoginView.swift; sourceTree = "<group>"; };
		23D7E5BC2950B92A005B84AF /* SignUpView.swift */ = {isa = PBXFileReference; lastKnownFileType = sourcecode.swift; path = SignUpView.swift; sourceTree = "<group>"; };
		23D7E5BE2950B952005B84AF /* SettingsView.swift */ = {isa = PBXFileReference; lastKnownFileType = sourcecode.swift; path = SettingsView.swift; sourceTree = "<group>"; };
		23D7E5C02950BCF5005B84AF /* HomeView.swift */ = {isa = PBXFileReference; lastKnownFileType = sourcecode.swift; path = HomeView.swift; sourceTree = "<group>"; };
		23D7E5C22950BE74005B84AF /* SidebarNavigationManager.swift */ = {isa = PBXFileReference; lastKnownFileType = sourcecode.swift; path = SidebarNavigationManager.swift; sourceTree = "<group>"; };
		23F9E98E2966DF50005DB3BE /* Info.plist */ = {isa = PBXFileReference; lastKnownFileType = text.plist; path = Info.plist; sourceTree = "<group>"; };
		23F9E98F2966F515005DB3BE /* AuthenticationViewModel.swift */ = {isa = PBXFileReference; lastKnownFileType = sourcecode.swift; path = AuthenticationViewModel.swift; sourceTree = "<group>"; };
		23F9E99229675E0B005DB3BE /* SignUpDTO.swift */ = {isa = PBXFileReference; lastKnownFileType = sourcecode.swift; path = SignUpDTO.swift; sourceTree = "<group>"; };
		23F9E99429675E3F005DB3BE /* RanklistDTO.swift */ = {isa = PBXFileReference; lastKnownFileType = sourcecode.swift; path = RanklistDTO.swift; sourceTree = "<group>"; };
/* End PBXFileReference section */

/* Begin PBXFrameworksBuildPhase section */
		2333E381294BA03A00B75BA8 /* Frameworks */ = {
			isa = PBXFrameworksBuildPhase;
			buildActionMask = 2147483647;
			files = (
			);
			runOnlyForDeploymentPostprocessing = 0;
		};
		2333E391294BA04300B75BA8 /* Frameworks */ = {
			isa = PBXFrameworksBuildPhase;
			buildActionMask = 2147483647;
			files = (
			);
			runOnlyForDeploymentPostprocessing = 0;
		};
		2333E39B294BA04300B75BA8 /* Frameworks */ = {
			isa = PBXFrameworksBuildPhase;
			buildActionMask = 2147483647;
			files = (
			);
			runOnlyForDeploymentPostprocessing = 0;
		};
/* End PBXFrameworksBuildPhase section */

/* Begin PBXGroup section */
		2333E37B294BA03900B75BA8 = {
			isa = PBXGroup;
			children = (
				2333E386294BA03A00B75BA8 /* MySportsRecordIOS */,
				2333E397294BA04300B75BA8 /* MySportsRecordIOSTests */,
				2333E3A1294BA04300B75BA8 /* MySportsRecordIOSUITests */,
				2333E385294BA03A00B75BA8 /* Products */,
			);
			sourceTree = "<group>";
		};
		2333E385294BA03A00B75BA8 /* Products */ = {
			isa = PBXGroup;
			children = (
				2333E384294BA03A00B75BA8 /* MySportsRecordIOS.app */,
				2333E394294BA04300B75BA8 /* MySportsRecordIOSTests.xctest */,
				2333E39E294BA04300B75BA8 /* MySportsRecordIOSUITests.xctest */,
			);
			name = Products;
			sourceTree = "<group>";
		};
		2333E386294BA03A00B75BA8 /* MySportsRecordIOS */ = {
			isa = PBXGroup;
			children = (
				23F9E98E2966DF50005DB3BE /* Info.plist */,
				2333E387294BA03A00B75BA8 /* MySportsRecordIOSApp.swift */,
				23D7E5A829509EF2005B84AF /* Models */,
				23F9E99129675DD9005DB3BE /* DTO */,
				23D7E5A929509F00005B84AF /* ModelViews */,
				23D7E5A729509ED4005B84AF /* Views */,
				2333E38B294BA04200B75BA8 /* Assets.xcassets */,
				2333E38D294BA04200B75BA8 /* Preview Content */,
			);
			path = MySportsRecordIOS;
			sourceTree = "<group>";
		};
		2333E38D294BA04200B75BA8 /* Preview Content */ = {
			isa = PBXGroup;
			children = (
				2333E38E294BA04200B75BA8 /* Preview Assets.xcassets */,
			);
			path = "Preview Content";
			sourceTree = "<group>";
		};
		2333E397294BA04300B75BA8 /* MySportsRecordIOSTests */ = {
			isa = PBXGroup;
			children = (
				2333E398294BA04300B75BA8 /* MySportsRecordIOSTests.swift */,
			);
			path = MySportsRecordIOSTests;
			sourceTree = "<group>";
		};
		2333E3A1294BA04300B75BA8 /* MySportsRecordIOSUITests */ = {
			isa = PBXGroup;
			children = (
				2333E3A2294BA04300B75BA8 /* MySportsRecordIOSUITests.swift */,
				2333E3A4294BA04300B75BA8 /* MySportsRecordIOSUITestsLaunchTests.swift */,
			);
			path = MySportsRecordIOSUITests;
			sourceTree = "<group>";
		};
		23D7E5A729509ED4005B84AF /* Views */ = {
			isa = PBXGroup;
			children = (
				2333E389294BA03A00B75BA8 /* MainView.swift */,
				23D7E5AA2950A213005B84AF /* UserView.swift */,
				23D7E5AC2950A222005B84AF /* RanklistView.swift */,
				23D7E5AE2950A234005B84AF /* NewsfeedView.swift */,
				23D7E5B02950A5FA005B84AF /* SideBarStack.swift */,
				23D7E5B22950A890005B84AF /* SidebarView.swift */,
				23D7E5B62950A901005B84AF /* NavigationTabView.swift */,
				23D7E5B82950AD11005B84AF /* SidebarButtonView.swift */,
				23D7E5BA2950B8BB005B84AF /* LoginView.swift */,
				23D7E5BC2950B92A005B84AF /* SignUpView.swift */,
				23D7E5BE2950B952005B84AF /* SettingsView.swift */,
				23D7E5C02950BCF5005B84AF /* HomeView.swift */,
				23BE8E8A2950FB350040CBD9 /* UserItemView.swift */,
			);
			path = Views;
			sourceTree = "<group>";
		};
		23D7E5A829509EF2005B84AF /* Models */ = {
			isa = PBXGroup;
			children = (
				23BE8E862950F4A10040CBD9 /* Users.swift */,
				238500422969749500AD3F8A /* User.swift */,
			);
			path = Models;
			sourceTree = "<group>";
		};
		23D7E5A929509F00005B84AF /* ModelViews */ = {
			isa = PBXGroup;
			children = (
				23D7E5C22950BE74005B84AF /* SidebarNavigationManager.swift */,
				23BE8E822950F3A50040CBD9 /* Network.swift */,
				23BE8E842950F47A0040CBD9 /* RanklistsViewModel.swift */,
				23BE8E882950F6670040CBD9 /* Parser.swift */,
				23F9E98F2966F515005DB3BE /* AuthenticationViewModel.swift */,
				238500462969AB1300AD3F8A /* UserViewModel.swift */,
			);
			path = ModelViews;
			sourceTree = "<group>";
		};
		23F9E99129675DD9005DB3BE /* DTO */ = {
			isa = PBXGroup;
			children = (
				23F9E99229675E0B005DB3BE /* SignUpDTO.swift */,
				23F9E99429675E3F005DB3BE /* RanklistDTO.swift */,
				2385004429698AA400AD3F8A /* TokenDTO.swift */,
			);
			path = DTO;
			sourceTree = "<group>";
		};
/* End PBXGroup section */

/* Begin PBXNativeTarget section */
		2333E383294BA03A00B75BA8 /* MySportsRecordIOS */ = {
			isa = PBXNativeTarget;
			buildConfigurationList = 2333E3A8294BA04300B75BA8 /* Build configuration list for PBXNativeTarget "MySportsRecordIOS" */;
			buildPhases = (
				2333E380294BA03A00B75BA8 /* Sources */,
				2333E381294BA03A00B75BA8 /* Frameworks */,
				2333E382294BA03A00B75BA8 /* Resources */,
			);
			buildRules = (
			);
			dependencies = (
			);
			name = MySportsRecordIOS;
			productName = MySportsRecordIOS;
			productReference = 2333E384294BA03A00B75BA8 /* MySportsRecordIOS.app */;
			productType = "com.apple.product-type.application";
		};
		2333E393294BA04300B75BA8 /* MySportsRecordIOSTests */ = {
			isa = PBXNativeTarget;
			buildConfigurationList = 2333E3AB294BA04300B75BA8 /* Build configuration list for PBXNativeTarget "MySportsRecordIOSTests" */;
			buildPhases = (
				2333E390294BA04300B75BA8 /* Sources */,
				2333E391294BA04300B75BA8 /* Frameworks */,
				2333E392294BA04300B75BA8 /* Resources */,
			);
			buildRules = (
			);
			dependencies = (
				2333E396294BA04300B75BA8 /* PBXTargetDependency */,
			);
			name = MySportsRecordIOSTests;
			productName = MySportsRecordIOSTests;
			productReference = 2333E394294BA04300B75BA8 /* MySportsRecordIOSTests.xctest */;
			productType = "com.apple.product-type.bundle.unit-test";
		};
		2333E39D294BA04300B75BA8 /* MySportsRecordIOSUITests */ = {
			isa = PBXNativeTarget;
			buildConfigurationList = 2333E3AE294BA04300B75BA8 /* Build configuration list for PBXNativeTarget "MySportsRecordIOSUITests" */;
			buildPhases = (
				2333E39A294BA04300B75BA8 /* Sources */,
				2333E39B294BA04300B75BA8 /* Frameworks */,
				2333E39C294BA04300B75BA8 /* Resources */,
			);
			buildRules = (
			);
			dependencies = (
				2333E3A0294BA04300B75BA8 /* PBXTargetDependency */,
			);
			name = MySportsRecordIOSUITests;
			productName = MySportsRecordIOSUITests;
			productReference = 2333E39E294BA04300B75BA8 /* MySportsRecordIOSUITests.xctest */;
			productType = "com.apple.product-type.bundle.ui-testing";
		};
/* End PBXNativeTarget section */

/* Begin PBXProject section */
		2333E37C294BA03900B75BA8 /* Project object */ = {
			isa = PBXProject;
			attributes = {
				BuildIndependentTargetsInParallel = 1;
				LastSwiftUpdateCheck = 1420;
				LastUpgradeCheck = 1420;
				TargetAttributes = {
					2333E383294BA03A00B75BA8 = {
						CreatedOnToolsVersion = 14.2;
					};
					2333E393294BA04300B75BA8 = {
						CreatedOnToolsVersion = 14.2;
						TestTargetID = 2333E383294BA03A00B75BA8;
					};
					2333E39D294BA04300B75BA8 = {
						CreatedOnToolsVersion = 14.2;
						TestTargetID = 2333E383294BA03A00B75BA8;
					};
				};
			};
			buildConfigurationList = 2333E37F294BA03900B75BA8 /* Build configuration list for PBXProject "MySportsRecordIOS" */;
			compatibilityVersion = "Xcode 14.0";
			developmentRegion = en;
			hasScannedForEncodings = 0;
			knownRegions = (
				en,
				Base,
			);
			mainGroup = 2333E37B294BA03900B75BA8;
			productRefGroup = 2333E385294BA03A00B75BA8 /* Products */;
			projectDirPath = "";
			projectRoot = "";
			targets = (
				2333E383294BA03A00B75BA8 /* MySportsRecordIOS */,
				2333E393294BA04300B75BA8 /* MySportsRecordIOSTests */,
				2333E39D294BA04300B75BA8 /* MySportsRecordIOSUITests */,
			);
		};
/* End PBXProject section */

/* Begin PBXResourcesBuildPhase section */
		2333E382294BA03A00B75BA8 /* Resources */ = {
			isa = PBXResourcesBuildPhase;
			buildActionMask = 2147483647;
			files = (
				2333E38F294BA04200B75BA8 /* Preview Assets.xcassets in Resources */,
				2333E38C294BA04200B75BA8 /* Assets.xcassets in Resources */,
			);
			runOnlyForDeploymentPostprocessing = 0;
		};
		2333E392294BA04300B75BA8 /* Resources */ = {
			isa = PBXResourcesBuildPhase;
			buildActionMask = 2147483647;
			files = (
			);
			runOnlyForDeploymentPostprocessing = 0;
		};
		2333E39C294BA04300B75BA8 /* Resources */ = {
			isa = PBXResourcesBuildPhase;
			buildActionMask = 2147483647;
			files = (
			);
			runOnlyForDeploymentPostprocessing = 0;
		};
/* End PBXResourcesBuildPhase section */

/* Begin PBXSourcesBuildPhase section */
		2333E380294BA03A00B75BA8 /* Sources */ = {
			isa = PBXSourcesBuildPhase;
			buildActionMask = 2147483647;
			files = (
				23D7E5AD2950A222005B84AF /* RanklistView.swift in Sources */,
				23D7E5B12950A5FB005B84AF /* SideBarStack.swift in Sources */,
				23D7E5C32950BE74005B84AF /* SidebarNavigationManager.swift in Sources */,
				23D7E5B32950A890005B84AF /* SidebarView.swift in Sources */,
				23BE8E8B2950FB350040CBD9 /* UserItemView.swift in Sources */,
				2333E38A294BA03A00B75BA8 /* MainView.swift in Sources */,
				23BE8E832950F3A50040CBD9 /* Network.swift in Sources */,
				23F9E99529675E3F005DB3BE /* RanklistDTO.swift in Sources */,
				23D7E5B72950A901005B84AF /* NavigationTabView.swift in Sources */,
				23D7E5C12950BCF5005B84AF /* HomeView.swift in Sources */,
				23D7E5BD2950B92A005B84AF /* SignUpView.swift in Sources */,
				23BE8E872950F4A10040CBD9 /* Users.swift in Sources */,
				23D7E5AB2950A213005B84AF /* UserView.swift in Sources */,
				23BE8E852950F47A0040CBD9 /* RanklistsViewModel.swift in Sources */,
				23D7E5B92950AD11005B84AF /* SidebarButtonView.swift in Sources */,
				2385004529698AA500AD3F8A /* TokenDTO.swift in Sources */,
				2333E388294BA03A00B75BA8 /* MySportsRecordIOSApp.swift in Sources */,
				23BE8E892950F6670040CBD9 /* Parser.swift in Sources */,
				23F9E9902966F515005DB3BE /* AuthenticationViewModel.swift in Sources */,
				23D7E5BF2950B952005B84AF /* SettingsView.swift in Sources */,
				23F9E99329675E0B005DB3BE /* SignUpDTO.swift in Sources */,
				23D7E5BB2950B8BC005B84AF /* LoginView.swift in Sources */,
				23D7E5AF2950A234005B84AF /* NewsfeedView.swift in Sources */,
				238500472969AB1400AD3F8A /* UserViewModel.swift in Sources */,
				238500432969749500AD3F8A /* User.swift in Sources */,
			);
			runOnlyForDeploymentPostprocessing = 0;
		};
		2333E390294BA04300B75BA8 /* Sources */ = {
			isa = PBXSourcesBuildPhase;
			buildActionMask = 2147483647;
			files = (
				2333E399294BA04300B75BA8 /* MySportsRecordIOSTests.swift in Sources */,
			);
			runOnlyForDeploymentPostprocessing = 0;
		};
		2333E39A294BA04300B75BA8 /* Sources */ = {
			isa = PBXSourcesBuildPhase;
			buildActionMask = 2147483647;
			files = (
				2333E3A5294BA04300B75BA8 /* MySportsRecordIOSUITestsLaunchTests.swift in Sources */,
				2333E3A3294BA04300B75BA8 /* MySportsRecordIOSUITests.swift in Sources */,
			);
			runOnlyForDeploymentPostprocessing = 0;
		};
/* End PBXSourcesBuildPhase section */

/* Begin PBXTargetDependency section */
		2333E396294BA04300B75BA8 /* PBXTargetDependency */ = {
			isa = PBXTargetDependency;
			target = 2333E383294BA03A00B75BA8 /* MySportsRecordIOS */;
			targetProxy = 2333E395294BA04300B75BA8 /* PBXContainerItemProxy */;
		};
		2333E3A0294BA04300B75BA8 /* PBXTargetDependency */ = {
			isa = PBXTargetDependency;
			target = 2333E383294BA03A00B75BA8 /* MySportsRecordIOS */;
			targetProxy = 2333E39F294BA04300B75BA8 /* PBXContainerItemProxy */;
		};
/* End PBXTargetDependency section */

/* Begin XCBuildConfiguration section */
		2333E3A6294BA04300B75BA8 /* Debug */ = {
			isa = XCBuildConfiguration;
			buildSettings = {
				ALWAYS_SEARCH_USER_PATHS = NO;
				CLANG_ANALYZER_NONNULL = YES;
				CLANG_ANALYZER_NUMBER_OBJECT_CONVERSION = YES_AGGRESSIVE;
				CLANG_CXX_LANGUAGE_STANDARD = "gnu++20";
				CLANG_ENABLE_MODULES = YES;
				CLANG_ENABLE_OBJC_ARC = YES;
				CLANG_ENABLE_OBJC_WEAK = YES;
				CLANG_WARN_BLOCK_CAPTURE_AUTORELEASING = YES;
				CLANG_WARN_BOOL_CONVERSION = YES;
				CLANG_WARN_COMMA = YES;
				CLANG_WARN_CONSTANT_CONVERSION = YES;
				CLANG_WARN_DEPRECATED_OBJC_IMPLEMENTATIONS = YES;
				CLANG_WARN_DIRECT_OBJC_ISA_USAGE = YES_ERROR;
				CLANG_WARN_DOCUMENTATION_COMMENTS = YES;
				CLANG_WARN_EMPTY_BODY = YES;
				CLANG_WARN_ENUM_CONVERSION = YES;
				CLANG_WARN_INFINITE_RECURSION = YES;
				CLANG_WARN_INT_CONVERSION = YES;
				CLANG_WARN_NON_LITERAL_NULL_CONVERSION = YES;
				CLANG_WARN_OBJC_IMPLICIT_RETAIN_SELF = YES;
				CLANG_WARN_OBJC_LITERAL_CONVERSION = YES;
				CLANG_WARN_OBJC_ROOT_CLASS = YES_ERROR;
				CLANG_WARN_QUOTED_INCLUDE_IN_FRAMEWORK_HEADER = YES;
				CLANG_WARN_RANGE_LOOP_ANALYSIS = YES;
				CLANG_WARN_STRICT_PROTOTYPES = YES;
				CLANG_WARN_SUSPICIOUS_MOVE = YES;
				CLANG_WARN_UNGUARDED_AVAILABILITY = YES_AGGRESSIVE;
				CLANG_WARN_UNREACHABLE_CODE = YES;
				CLANG_WARN__DUPLICATE_METHOD_MATCH = YES;
				COPY_PHASE_STRIP = NO;
				DEBUG_INFORMATION_FORMAT = dwarf;
				ENABLE_STRICT_OBJC_MSGSEND = YES;
				ENABLE_TESTABILITY = YES;
				GCC_C_LANGUAGE_STANDARD = gnu11;
				GCC_DYNAMIC_NO_PIC = NO;
				GCC_NO_COMMON_BLOCKS = YES;
				GCC_OPTIMIZATION_LEVEL = 0;
				GCC_PREPROCESSOR_DEFINITIONS = (
					"DEBUG=1",
					"$(inherited)",
				);
				GCC_WARN_64_TO_32_BIT_CONVERSION = YES;
				GCC_WARN_ABOUT_RETURN_TYPE = YES_ERROR;
				GCC_WARN_UNDECLARED_SELECTOR = YES;
				GCC_WARN_UNINITIALIZED_AUTOS = YES_AGGRESSIVE;
				GCC_WARN_UNUSED_FUNCTION = YES;
				GCC_WARN_UNUSED_VARIABLE = YES;
				IPHONEOS_DEPLOYMENT_TARGET = 16.2;
				MTL_ENABLE_DEBUG_INFO = INCLUDE_SOURCE;
				MTL_FAST_MATH = YES;
				ONLY_ACTIVE_ARCH = YES;
				SDKROOT = iphoneos;
				SWIFT_ACTIVE_COMPILATION_CONDITIONS = DEBUG;
				SWIFT_OPTIMIZATION_LEVEL = "-Onone";
			};
			name = Debug;
		};
		2333E3A7294BA04300B75BA8 /* Release */ = {
			isa = XCBuildConfiguration;
			buildSettings = {
				ALWAYS_SEARCH_USER_PATHS = NO;
				CLANG_ANALYZER_NONNULL = YES;
				CLANG_ANALYZER_NUMBER_OBJECT_CONVERSION = YES_AGGRESSIVE;
				CLANG_CXX_LANGUAGE_STANDARD = "gnu++20";
				CLANG_ENABLE_MODULES = YES;
				CLANG_ENABLE_OBJC_ARC = YES;
				CLANG_ENABLE_OBJC_WEAK = YES;
				CLANG_WARN_BLOCK_CAPTURE_AUTORELEASING = YES;
				CLANG_WARN_BOOL_CONVERSION = YES;
				CLANG_WARN_COMMA = YES;
				CLANG_WARN_CONSTANT_CONVERSION = YES;
				CLANG_WARN_DEPRECATED_OBJC_IMPLEMENTATIONS = YES;
				CLANG_WARN_DIRECT_OBJC_ISA_USAGE = YES_ERROR;
				CLANG_WARN_DOCUMENTATION_COMMENTS = YES;
				CLANG_WARN_EMPTY_BODY = YES;
				CLANG_WARN_ENUM_CONVERSION = YES;
				CLANG_WARN_INFINITE_RECURSION = YES;
				CLANG_WARN_INT_CONVERSION = YES;
				CLANG_WARN_NON_LITERAL_NULL_CONVERSION = YES;
				CLANG_WARN_OBJC_IMPLICIT_RETAIN_SELF = YES;
				CLANG_WARN_OBJC_LITERAL_CONVERSION = YES;
				CLANG_WARN_OBJC_ROOT_CLASS = YES_ERROR;
				CLANG_WARN_QUOTED_INCLUDE_IN_FRAMEWORK_HEADER = YES;
				CLANG_WARN_RANGE_LOOP_ANALYSIS = YES;
				CLANG_WARN_STRICT_PROTOTYPES = YES;
				CLANG_WARN_SUSPICIOUS_MOVE = YES;
				CLANG_WARN_UNGUARDED_AVAILABILITY = YES_AGGRESSIVE;
				CLANG_WARN_UNREACHABLE_CODE = YES;
				CLANG_WARN__DUPLICATE_METHOD_MATCH = YES;
				COPY_PHASE_STRIP = NO;
				DEBUG_INFORMATION_FORMAT = "dwarf-with-dsym";
				ENABLE_NS_ASSERTIONS = NO;
				ENABLE_STRICT_OBJC_MSGSEND = YES;
				GCC_C_LANGUAGE_STANDARD = gnu11;
				GCC_NO_COMMON_BLOCKS = YES;
				GCC_WARN_64_TO_32_BIT_CONVERSION = YES;
				GCC_WARN_ABOUT_RETURN_TYPE = YES_ERROR;
				GCC_WARN_UNDECLARED_SELECTOR = YES;
				GCC_WARN_UNINITIALIZED_AUTOS = YES_AGGRESSIVE;
				GCC_WARN_UNUSED_FUNCTION = YES;
				GCC_WARN_UNUSED_VARIABLE = YES;
				IPHONEOS_DEPLOYMENT_TARGET = 16.2;
				MTL_ENABLE_DEBUG_INFO = NO;
				MTL_FAST_MATH = YES;
				SDKROOT = iphoneos;
				SWIFT_COMPILATION_MODE = wholemodule;
				SWIFT_OPTIMIZATION_LEVEL = "-O";
				VALIDATE_PRODUCT = YES;
			};
			name = Release;
		};
		2333E3A9294BA04300B75BA8 /* Debug */ = {
			isa = XCBuildConfiguration;
			buildSettings = {
				ASSETCATALOG_COMPILER_APPICON_NAME = AppIcon;
				ASSETCATALOG_COMPILER_GLOBAL_ACCENT_COLOR_NAME = AccentColor;
				CODE_SIGN_STYLE = Automatic;
				CURRENT_PROJECT_VERSION = 1;
				DEVELOPMENT_ASSET_PATHS = "\"MySportsRecordIOS/Preview Content\"";
				DEVELOPMENT_TEAM = 75D46AU8U9;
				ENABLE_PREVIEWS = YES;
				GENERATE_INFOPLIST_FILE = YES;
				INFOPLIST_FILE = MySportsRecordIOS/Info.plist;
				INFOPLIST_KEY_UIApplicationSupportsIndirectInputEvents = YES;
				INFOPLIST_KEY_UILaunchScreen_Generation = YES;
				INFOPLIST_KEY_UISupportedInterfaceOrientations_iPad = "UIInterfaceOrientationPortrait UIInterfaceOrientationPortraitUpsideDown UIInterfaceOrientationLandscapeLeft UIInterfaceOrientationLandscapeRight";
				INFOPLIST_KEY_UISupportedInterfaceOrientations_iPhone = "UIInterfaceOrientationPortrait UIInterfaceOrientationLandscapeLeft UIInterfaceOrientationLandscapeRight";
				LD_RUNPATH_SEARCH_PATHS = (
					"$(inherited)",
					"@executable_path/Frameworks",
				);
				MARKETING_VERSION = 1.0;
				PRODUCT_BUNDLE_IDENTIFIER = com.asmundur.MySportsRecordIOS;
				PRODUCT_NAME = "$(TARGET_NAME)";
				SWIFT_EMIT_LOC_STRINGS = YES;
				SWIFT_VERSION = 5.0;
				TARGETED_DEVICE_FAMILY = "1,2";
			};
			name = Debug;
		};
		2333E3AA294BA04300B75BA8 /* Release */ = {
			isa = XCBuildConfiguration;
			buildSettings = {
				ASSETCATALOG_COMPILER_APPICON_NAME = AppIcon;
				ASSETCATALOG_COMPILER_GLOBAL_ACCENT_COLOR_NAME = AccentColor;
				CODE_SIGN_STYLE = Automatic;
				CURRENT_PROJECT_VERSION = 1;
				DEVELOPMENT_ASSET_PATHS = "\"MySportsRecordIOS/Preview Content\"";
				DEVELOPMENT_TEAM = 75D46AU8U9;
				ENABLE_PREVIEWS = YES;
				GENERATE_INFOPLIST_FILE = YES;
				INFOPLIST_FILE = MySportsRecordIOS/Info.plist;
				INFOPLIST_KEY_UIApplicationSupportsIndirectInputEvents = YES;
				INFOPLIST_KEY_UILaunchScreen_Generation = YES;
				INFOPLIST_KEY_UISupportedInterfaceOrientations_iPad = "UIInterfaceOrientationPortrait UIInterfaceOrientationPortraitUpsideDown UIInterfaceOrientationLandscapeLeft UIInterfaceOrientationLandscapeRight";
				INFOPLIST_KEY_UISupportedInterfaceOrientations_iPhone = "UIInterfaceOrientationPortrait UIInterfaceOrientationLandscapeLeft UIInterfaceOrientationLandscapeRight";
				LD_RUNPATH_SEARCH_PATHS = (
					"$(inherited)",
					"@executable_path/Frameworks",
				);
				MARKETING_VERSION = 1.0;
				PRODUCT_BUNDLE_IDENTIFIER = com.asmundur.MySportsRecordIOS;
				PRODUCT_NAME = "$(TARGET_NAME)";
				SWIFT_EMIT_LOC_STRINGS = YES;
				SWIFT_VERSION = 5.0;
				TARGETED_DEVICE_FAMILY = "1,2";
			};
			name = Release;
		};
		2333E3AC294BA04300B75BA8 /* Debug */ = {
			isa = XCBuildConfiguration;
			buildSettings = {
				ALWAYS_EMBED_SWIFT_STANDARD_LIBRARIES = YES;
				BUNDLE_LOADER = "$(TEST_HOST)";
				CODE_SIGN_STYLE = Automatic;
				CURRENT_PROJECT_VERSION = 1;
				DEVELOPMENT_TEAM = 75D46AU8U9;
				GENERATE_INFOPLIST_FILE = YES;
				IPHONEOS_DEPLOYMENT_TARGET = 16.2;
				MARKETING_VERSION = 1.0;
				PRODUCT_BUNDLE_IDENTIFIER = com.asmundur.MySportsRecordIOSTests;
				PRODUCT_NAME = "$(TARGET_NAME)";
				SWIFT_EMIT_LOC_STRINGS = NO;
				SWIFT_VERSION = 5.0;
				TARGETED_DEVICE_FAMILY = "1,2";
				TEST_HOST = "$(BUILT_PRODUCTS_DIR)/MySportsRecordIOS.app/$(BUNDLE_EXECUTABLE_FOLDER_PATH)/MySportsRecordIOS";
			};
			name = Debug;
		};
		2333E3AD294BA04300B75BA8 /* Release */ = {
			isa = XCBuildConfiguration;
			buildSettings = {
				ALWAYS_EMBED_SWIFT_STANDARD_LIBRARIES = YES;
				BUNDLE_LOADER = "$(TEST_HOST)";
				CODE_SIGN_STYLE = Automatic;
				CURRENT_PROJECT_VERSION = 1;
				DEVELOPMENT_TEAM = 75D46AU8U9;
				GENERATE_INFOPLIST_FILE = YES;
				IPHONEOS_DEPLOYMENT_TARGET = 16.2;
				MARKETING_VERSION = 1.0;
				PRODUCT_BUNDLE_IDENTIFIER = com.asmundur.MySportsRecordIOSTests;
				PRODUCT_NAME = "$(TARGET_NAME)";
				SWIFT_EMIT_LOC_STRINGS = NO;
				SWIFT_VERSION = 5.0;
				TARGETED_DEVICE_FAMILY = "1,2";
				TEST_HOST = "$(BUILT_PRODUCTS_DIR)/MySportsRecordIOS.app/$(BUNDLE_EXECUTABLE_FOLDER_PATH)/MySportsRecordIOS";
			};
			name = Release;
		};
		2333E3AF294BA04300B75BA8 /* Debug */ = {
			isa = XCBuildConfiguration;
			buildSettings = {
				ALWAYS_EMBED_SWIFT_STANDARD_LIBRARIES = YES;
				CODE_SIGN_STYLE = Automatic;
				CURRENT_PROJECT_VERSION = 1;
				DEVELOPMENT_TEAM = 75D46AU8U9;
				GENERATE_INFOPLIST_FILE = YES;
				MARKETING_VERSION = 1.0;
				PRODUCT_BUNDLE_IDENTIFIER = com.asmundur.MySportsRecordIOSUITests;
				PRODUCT_NAME = "$(TARGET_NAME)";
				SWIFT_EMIT_LOC_STRINGS = NO;
				SWIFT_VERSION = 5.0;
				TARGETED_DEVICE_FAMILY = "1,2";
				TEST_TARGET_NAME = MySportsRecordIOS;
			};
			name = Debug;
		};
		2333E3B0294BA04300B75BA8 /* Release */ = {
			isa = XCBuildConfiguration;
			buildSettings = {
				ALWAYS_EMBED_SWIFT_STANDARD_LIBRARIES = YES;
				CODE_SIGN_STYLE = Automatic;
				CURRENT_PROJECT_VERSION = 1;
				DEVELOPMENT_TEAM = 75D46AU8U9;
				GENERATE_INFOPLIST_FILE = YES;
				MARKETING_VERSION = 1.0;
				PRODUCT_BUNDLE_IDENTIFIER = com.asmundur.MySportsRecordIOSUITests;
				PRODUCT_NAME = "$(TARGET_NAME)";
				SWIFT_EMIT_LOC_STRINGS = NO;
				SWIFT_VERSION = 5.0;
				TARGETED_DEVICE_FAMILY = "1,2";
				TEST_TARGET_NAME = MySportsRecordIOS;
			};
			name = Release;
		};
/* End XCBuildConfiguration section */

/* Begin XCConfigurationList section */
		2333E37F294BA03900B75BA8 /* Build configuration list for PBXProject "MySportsRecordIOS" */ = {
			isa = XCConfigurationList;
			buildConfigurations = (
				2333E3A6294BA04300B75BA8 /* Debug */,
				2333E3A7294BA04300B75BA8 /* Release */,
			);
			defaultConfigurationIsVisible = 0;
			defaultConfigurationName = Release;
		};
		2333E3A8294BA04300B75BA8 /* Build configuration list for PBXNativeTarget "MySportsRecordIOS" */ = {
			isa = XCConfigurationList;
			buildConfigurations = (
				2333E3A9294BA04300B75BA8 /* Debug */,
				2333E3AA294BA04300B75BA8 /* Release */,
			);
			defaultConfigurationIsVisible = 0;
			defaultConfigurationName = Release;
		};
		2333E3AB294BA04300B75BA8 /* Build configuration list for PBXNativeTarget "MySportsRecordIOSTests" */ = {
			isa = XCConfigurationList;
			buildConfigurations = (
				2333E3AC294BA04300B75BA8 /* Debug */,
				2333E3AD294BA04300B75BA8 /* Release */,
			);
			defaultConfigurationIsVisible = 0;
			defaultConfigurationName = Release;
		};
		2333E3AE294BA04300B75BA8 /* Build configuration list for PBXNativeTarget "MySportsRecordIOSUITests" */ = {
			isa = XCConfigurationList;
			buildConfigurations = (
				2333E3AF294BA04300B75BA8 /* Debug */,
				2333E3B0294BA04300B75BA8 /* Release */,
			);
			defaultConfigurationIsVisible = 0;
			defaultConfigurationName = Release;
		};
/* End XCConfigurationList section */
	};
	rootObject = 2333E37C294BA03900B75BA8 /* Project object */;
}
